
Microsoft Visual Studio Solution File, Format Version 12.00
# Visual Studio Version 17
VisualStudioVersion = 17.6.33717.318
MinimumVisualStudioVersion = 10.0.40219.1
Project("{9A19103F-16F7-4668-BE54-9A1E7A4F7556}") = "console-app", "console-app\console-app.csproj", "{463DECE6-B8CB-4F3E-9940-3CA8E32158E0}"
EndProject
Project("{2150E333-8FDC-42A3-9474-1A3956D46DE8}") = "redis-examples", "redis-examples", "{2D7CDD60-EB50-4FD1-A841-2956F2F471EC}"
EndProject
Project("{9A19103F-16F7-4668-BE54-9A1E7A4F7556}") = "caching", "redis-examples\caching\caching.csproj", "{3AE664A9-25CA-4EFA-B27B-E7EB53DD7A76}"
EndProject
Project("{2150E333-8FDC-42A3-9474-1A3956D46DE8}") = "realtime-analytics", "realtime-analytics", "{28DCF85A-0BD0-438B-93E2-CCBD7C301CAB}"
EndProject
Project("{FAE04EC0-301F-11D3-BF4B-00C04F79EFBC}") = "making-events", "redis-examples\making-events\making-events.csproj", "{18A2B8DC-3557-49A3-8CBA-7BBA4F956E65}"
EndProject
Project("{FAE04EC0-301F-11D3-BF4B-00C04F79EFBC}") = "handle-events", "redis-examples\handle-events\handle-events.csproj", "{0C0EEB91-D237-42BC-ABBD-A12620FF825F}"
EndProject
Project("{2150E333-8FDC-42A3-9474-1A3956D46DE8}") = "pubsub-messaging", "pubsub-messaging", "{28ED3CB6-FB85-4A98-B8DA-4AB8526455BC}"
EndProject
Project("{FAE04EC0-301F-11D3-BF4B-00C04F79EFBC}") = "publisher", "redis-examples\publisher\publisher.csproj", "{72BD468E-3823-470B-9891-645F3F72015A}"
EndProject
Project("{FAE04EC0-301F-11D3-BF4B-00C04F79EFBC}") = "subcriber", "redis-examples\subcriber\subcriber.csproj", "{760498C7-F0DC-4C26-A0C2-DD786C2FD348}"
EndProject
Global
	GlobalSection(SolutionConfigurationPlatforms) = preSolution
		Debug|Any CPU = Debug|Any CPU
		Release|Any CPU = Release|Any CPU
	EndGlobalSection
	GlobalSection(ProjectConfigurationPlatforms) = postSolution
		{463DECE6-B8CB-4F3E-9940-3CA8E32158E0}.Debug|Any CPU.ActiveCfg = Debug|Any CPU
		{463DECE6-B8CB-4F3E-9940-3CA8E32158E0}.Debug|Any CPU.Build.0 = Debug|Any CPU
		{463DECE6-B8CB-4F3E-9940-3CA8E32158E0}.Release|Any CPU.ActiveCfg = Release|Any CPU
		{463DECE6-B8CB-4F3E-9940-3CA8E32158E0}.Release|Any CPU.Build.0 = Release|Any CPU
		{3AE664A9-25CA-4EFA-B27B-E7EB53DD7A76}.Debug|Any CPU.ActiveCfg = Debug|Any CPU
		{3AE664A9-25CA-4EFA-B27B-E7EB53DD7A76}.Debug|Any CPU.Build.0 = Debug|Any CPU
		{3AE664A9-25CA-4EFA-B27B-E7EB53DD7A76}.Release|Any CPU.ActiveCfg = Release|Any CPU
		{3AE664A9-25CA-4EFA-B27B-E7EB53DD7A76}.Release|Any CPU.Build.0 = Release|Any CPU
		{18A2B8DC-3557-49A3-8CBA-7BBA4F956E65}.Debug|Any CPU.ActiveCfg = Debug|Any CPU
		{18A2B8DC-3557-49A3-8CBA-7BBA4F956E65}.Debug|Any CPU.Build.0 = Debug|Any CPU
		{18A2B8DC-3557-49A3-8CBA-7BBA4F956E65}.Release|Any CPU.ActiveCfg = Release|Any CPU
		{18A2B8DC-3557-49A3-8CBA-7BBA4F956E65}.Release|Any CPU.Build.0 = Release|Any CPU
		{0C0EEB91-D237-42BC-ABBD-A12620FF825F}.Debug|Any CPU.ActiveCfg = Debug|Any CPU
		{0C0EEB91-D237-42BC-ABBD-A12620FF825F}.Debug|Any CPU.Build.0 = Debug|Any CPU
		{0C0EEB91-D237-42BC-ABBD-A12620FF825F}.Release|Any CPU.ActiveCfg = Release|Any CPU
		{0C0EEB91-D237-42BC-ABBD-A12620FF825F}.Release|Any CPU.Build.0 = Release|Any CPU
		{72BD468E-3823-470B-9891-645F3F72015A}.Debug|Any CPU.ActiveCfg = Debug|Any CPU
		{72BD468E-3823-470B-9891-645F3F72015A}.Debug|Any CPU.Build.0 = Debug|Any CPU
		{72BD468E-3823-470B-9891-645F3F72015A}.Release|Any CPU.ActiveCfg = Release|Any CPU
		{72BD468E-3823-470B-9891-645F3F72015A}.Release|Any CPU.Build.0 = Release|Any CPU
		{760498C7-F0DC-4C26-A0C2-DD786C2FD348}.Debug|Any CPU.ActiveCfg = Debug|Any CPU
		{760498C7-F0DC-4C26-A0C2-DD786C2FD348}.Debug|Any CPU.Build.0 = Debug|Any CPU
		{760498C7-F0DC-4C26-A0C2-DD786C2FD348}.Release|Any CPU.ActiveCfg = Release|Any CPU
		{760498C7-F0DC-4C26-A0C2-DD786C2FD348}.Release|Any CPU.Build.0 = Release|Any CPU
	EndGlobalSection
	GlobalSection(SolutionProperties) = preSolution
		HideSolutionNode = FALSE
	EndGlobalSection
	GlobalSection(NestedProjects) = preSolution
		{3AE664A9-25CA-4EFA-B27B-E7EB53DD7A76} = {2D7CDD60-EB50-4FD1-A841-2956F2F471EC}
		{28DCF85A-0BD0-438B-93E2-CCBD7C301CAB} = {2D7CDD60-EB50-4FD1-A841-2956F2F471EC}
		{18A2B8DC-3557-49A3-8CBA-7BBA4F956E65} = {28DCF85A-0BD0-438B-93E2-CCBD7C301CAB}
		{0C0EEB91-D237-42BC-ABBD-A12620FF825F} = {28DCF85A-0BD0-438B-93E2-CCBD7C301CAB}
		{28ED3CB6-FB85-4A98-B8DA-4AB8526455BC} = {2D7CDD60-EB50-4FD1-A841-2956F2F471EC}
		{72BD468E-3823-470B-9891-645F3F72015A} = {28ED3CB6-FB85-4A98-B8DA-4AB8526455BC}
		{760498C7-F0DC-4C26-A0C2-DD786C2FD348} = {28ED3CB6-FB85-4A98-B8DA-4AB8526455BC}
	EndGlobalSection
	GlobalSection(ExtensibilityGlobals) = postSolution
		SolutionGuid = {0BFBA22E-23F3-4E75-8EAF-694120969495}
	EndGlobalSection
EndGlobal
